Microsoft Visual Studio Solution File, Format Version 12.00
# Visual Studio Version 17
VisualStudioVersion = 17.5.2.0
MinimumVisualStudioVersion = 10.0.40219.1
Project("{FAE04EC0-301F-11D3-BF4B-00C04F79EFBC}") = "FitnessManager", "FitnessManager.csproj", "{0BC3103E-7C63-AB5B-6C21-BFC7EE0CA0A1}"
EndProject
Global
	GlobalSection(SolutionConfigurationPlatforms) = preSolution
		Debug|Any CPU = Debug|Any CPU
		Release|Any CPU = Release|Any CPU
	EndGlobalSection
	GlobalSection(ProjectConfigurationPlatforms) = postSolution
		{0BC3103E-7C63-AB5B-6C21-BFC7EE0CA0A1}.Debug|Any CPU.ActiveCfg = Debug|Any CPU
		{0BC3103E-7C63-AB5B-6C21-BFC7EE0CA0A1}.Debug|Any CPU.Build.0 = Debug|Any CPU
		{0BC3103E-7C63-AB5B-6C21-BFC7EE0CA0A1}.Release|Any CPU.ActiveCfg = Release|Any CPU
		{0BC3103E-7C63-AB5B-6C21-BFC7EE0CA0A1}.Release|Any CPU.Build.0 = Release|Any CPU
	EndGlobalSection
	GlobalSection(SolutionProperties) = preSolution
		HideSolutionNode = FALSE
	EndGlobalSection
	GlobalSection(ExtensibilityGlobals) = postSolution
		SolutionGuid = {2CFEABA1-128B-4672-9D21-4B090923E432}
	EndGlobalSection
EndGlobal
